// !$*UTF8*$!
{
	archiveVersion = 1;
	classes = {
	};
	objectVersion = 52;
	objects = {

/* Begin PBXBuildFile section */
		6F091271231A280300C465BD /* AppDelegate.swift in Sources */ = {isa = PBXBuildFile; fileRef = 6F091270231A280300C465BD /* AppDelegate.swift */; };
		6F091273231A280300C465BD /* SceneDelegate.swift in Sources */ = {isa = PBXBuildFile; fileRef = 6F091272231A280300C465BD /* SceneDelegate.swift */; };
		6F09127A231A280500C465BD /* Assets.xcassets in Resources */ = {isa = PBXBuildFile; fileRef = 6F091279231A280500C465BD /* Assets.xcassets */; };
		6F09127D231A280500C465BD /* Preview Assets.xcassets in Resources */ = {isa = PBXBuildFile; fileRef = 6F09127C231A280500C465BD /* Preview Assets.xcassets */; };
		6F091280231A280500C465BD /* LaunchScreen.storyboard in Resources */ = {isa = PBXBuildFile; fileRef = 6F09127E231A280500C465BD /* LaunchScreen.storyboard */; };
		6F8A59D6231DA8F1004CED63 /* SignInView.swift in Sources */ = {isa = PBXBuildFile; fileRef = 6F8A59D5231DA8F1004CED63 /* SignInView.swift */; };
		6F8A59D8231DF54E004CED63 /* SignUpView.swift in Sources */ = {isa = PBXBuildFile; fileRef = 6F8A59D7231DF54E004CED63 /* SignUpView.swift */; };
		6F8EE5C723221F1E006BEF89 /* AppTitleView.swift in Sources */ = {isa = PBXBuildFile; fileRef = 6F8EE5C623221F1E006BEF89 /* AppTitleView.swift */; };
		6FDEA1E4231D90CF00EB292A /* WelcomeView.swift in Sources */ = {isa = PBXBuildFile; fileRef = 6FDEA1E3231D90CF00EB292A /* WelcomeView.swift */; };
		D86B43F22993BE1E00FFA0DC /* GoogleService-Info.plist in Resources */ = {isa = PBXBuildFile; fileRef = D86B43F12993BE1E00FFA0DC /* GoogleService-Info.plist */; };
		D8885A6D2A064EA200E4F863 /* CrossClassify in Frameworks */ = {isa = PBXBuildFile; productRef = D8885A6C2A064EA200E4F863 /* CrossClassify */; };
		D8885A712A0699D100E4F863 /* FirebaseAuth in Frameworks */ = {isa = PBXBuildFile; productRef = D8885A702A0699D100E4F863 /* FirebaseAuth */; };
		D8885A732A0699D100E4F863 /* FirebaseDatabase in Frameworks */ = {isa = PBXBuildFile; productRef = D8885A722A0699D100E4F863 /* FirebaseDatabase */; };
		D8CF373C2997DA9100C648A6 /* CrossClassifyInstance.swift in Sources */ = {isa = PBXBuildFile; fileRef = D8CF373B2997DA9100C648A6 /* CrossClassifyInstance.swift */; };
/* End PBXBuildFile section */

/* Begin PBXFileReference section */
		6F09126D231A280300C465BD /* FirebaseSwiftUI.app */ = {isa = PBXFileReference; explicitFileType = wrapper.application; includeInIndex = 0; path = FirebaseSwiftUI.app; sourceTree = BUILT_PRODUCTS_DIR; };
		6F091270231A280300C465BD /* AppDelegate.swift */ = {isa = PBXFileReference; lastKnownFileType = sourcecode.swift; path = AppDelegate.swift; sourceTree = "<group>"; };
		6F091272231A280300C465BD /* SceneDelegate.swift */ = {isa = PBXFileReference; lastKnownFileType = sourcecode.swift; path = SceneDelegate.swift; sourceTree = "<group>"; };
		6F091279231A280500C465BD /* Assets.xcassets */ = {isa = PBXFileReference; lastKnownFileType = folder.assetcatalog; path = Assets.xcassets; sourceTree = "<group>"; };
		6F09127C231A280500C465BD /* Preview Assets.xcassets */ = {isa = PBXFileReference; lastKnownFileType = folder.assetcatalog; path = "Preview Assets.xcassets"; sourceTree = "<group>"; };
		6F09127F231A280500C465BD /* Base */ = {isa = PBXFileReference; lastKnownFileType = file.storyboard; name = Base; path = Base.lproj/LaunchScreen.storyboard; sourceTree = "<group>"; };
		6F091281231A280500C465BD /* Info.plist */ = {isa = PBXFileReference; lastKnownFileType = text.plist.xml; path = Info.plist; sourceTree = "<group>"; };
		6F8A59D5231DA8F1004CED63 /* SignInView.swift */ = {isa = PBXFileReference; lastKnownFileType = sourcecode.swift; path = SignInView.swift; sourceTree = "<group>"; };
		6F8A59D7231DF54E004CED63 /* SignUpView.swift */ = {isa = PBXFileReference; lastKnownFileType = sourcecode.swift; path = SignUpView.swift; sourceTree = "<group>"; };
		6F8EE5C623221F1E006BEF89 /* AppTitleView.swift */ = {isa = PBXFileReference; lastKnownFileType = sourcecode.swift; path = AppTitleView.swift; sourceTree = "<group>"; };
		6FDEA1E3231D90CF00EB292A /* WelcomeView.swift */ = {isa = PBXFileReference; lastKnownFileType = sourcecode.swift; path = WelcomeView.swift; sourceTree = "<group>"; };
		D86B43F12993BE1E00FFA0DC /* GoogleService-Info.plist */ = {isa = PBXFileReference; fileEncoding = 4; lastKnownFileType = text.plist.xml; path = "GoogleService-Info.plist"; sourceTree = "<group>"; };
		D8CF373B2997DA9100C648A6 /* CrossClassifyInstance.swift */ = {isa = PBXFileReference; lastKnownFileType = sourcecode.swift; name = CrossClassifyInstance.swift; path = FirebaseSwiftUI/CrossClassifyInstance.swift; sourceTree = SOURCE_ROOT; };
/* End PBXFileReference section */

/* Begin PBXFrameworksBuildPhase section */
		6F09126A231A280300C465BD /* Frameworks */ = {
			isa = PBXFrameworksBuildPhase;
			buildActionMask = 2147483647;
			files = (
				D8885A712A0699D100E4F863 /* FirebaseAuth in Frameworks */,
				D8885A732A0699D100E4F863 /* FirebaseDatabase in Frameworks */,
				D8885A6D2A064EA200E4F863 /* CrossClassify in Frameworks */,
			);
			runOnlyForDeploymentPostprocessing = 0;
		};
/* End PBXFrameworksBuildPhase section */

/* Begin PBXGroup section */
		6F091264231A280300C465BD = {
			isa = PBXGroup;
			children = (
				6F09126F231A280300C465BD /* FirebaseSwiftUI */,
				6F09126E231A280300C465BD /* Products */,
				B913B0542EB9C3DF8CE5F648 /* Frameworks */,
			);
			sourceTree = "<group>";
		};
		6F09126E231A280300C465BD /* Products */ = {
			isa = PBXGroup;
			children = (
				6F09126D231A280300C465BD /* FirebaseSwiftUI.app */,
			);
			name = Products;
			sourceTree = "<group>";
		};
		6F09126F231A280300C465BD /* FirebaseSwiftUI */ = {
			isa = PBXGroup;
			children = (
				D86B43F12993BE1E00FFA0DC /* GoogleService-Info.plist */,
				6F091270231A280300C465BD /* AppDelegate.swift */,
				6F091272231A280300C465BD /* SceneDelegate.swift */,
				6F091279231A280500C465BD /* Assets.xcassets */,
				6F09127E231A280500C465BD /* LaunchScreen.storyboard */,
				6F091281231A280500C465BD /* Info.plist */,
				6F09127B231A280500C465BD /* Preview Content */,
				6FDEA1E3231D90CF00EB292A /* WelcomeView.swift */,
				6F8A59D5231DA8F1004CED63 /* SignInView.swift */,
				6F8A59D7231DF54E004CED63 /* SignUpView.swift */,
				6F8EE5C623221F1E006BEF89 /* AppTitleView.swift */,
				D8CF373B2997DA9100C648A6 /* CrossClassifyInstance.swift */,
			);
			path = FirebaseSwiftUI;
			sourceTree = "<group>";
		};
		6F09127B231A280500C465BD /* Preview Content */ = {
			isa = PBXGroup;
			children = (
				6F09127C231A280500C465BD /* Preview Assets.xcassets */,
			);
			path = "Preview Content";
			sourceTree = "<group>";
		};
		B913B0542EB9C3DF8CE5F648 /* Frameworks */ = {
			isa = PBXGroup;
			children = (
			);
			name = Frameworks;
			sourceTree = "<group>";
		};
/* End PBXGroup section */

/* Begin PBXNativeTarget section */
		6F09126C231A280300C465BD /* FirebaseSwiftUI */ = {
			isa = PBXNativeTarget;
			buildConfigurationList = 6F09129A231A280500C465BD /* Build configuration list for PBXNativeTarget "FirebaseSwiftUI" */;
			buildPhases = (
				6F091269231A280300C465BD /* Sources */,
				6F09126A231A280300C465BD /* Frameworks */,
				6F09126B231A280300C465BD /* Resources */,
			);
			buildRules = (
			);
			dependencies = (
			);
			name = FirebaseSwiftUI;
			packageProductDependencies = (
				D8885A6C2A064EA200E4F863 /* CrossClassify */,
				D8885A702A0699D100E4F863 /* FirebaseAuth */,
				D8885A722A0699D100E4F863 /* FirebaseDatabase */,
			);
			productName = FirebaseSwiftUI;
			productReference = 6F09126D231A280300C465BD /* FirebaseSwiftUI.app */;
			productType = "com.apple.product-type.application";
		};
/* End PBXNativeTarget section */

/* Begin PBXProject section */
		6F091265231A280300C465BD /* Project object */ = {
			isa = PBXProject;
			attributes = {
				LastSwiftUpdateCheck = 1100;
				LastUpgradeCheck = 1420;
				ORGANIZATIONNAME = Bala;
				TargetAttributes = {
					6F09126C231A280300C465BD = {
						CreatedOnToolsVersion = 11.0;
					};
				};
			};
			buildConfigurationList = 6F091268231A280300C465BD /* Build configuration list for PBXProject "FirebaseSwiftUI" */;
			compatibilityVersion = "Xcode 9.3";
			developmentRegion = en;
			hasScannedForEncodings = 0;
			knownRegions = (
				en,
				Base,
			);
			mainGroup = 6F091264231A280300C465BD;
			packageReferences = (
				D8885A6B2A064EA200E4F863 /* XCRemoteSwiftPackageReference "xc-sdk-ios" */,
				D8885A6F2A0699D100E4F863 /* XCRemoteSwiftPackageReference "firebase-ios-sdk" */,
			);
			productRefGroup = 6F09126E231A280300C465BD /* Products */;
			projectDirPath = "";
			projectRoot = "";
			targets = (
				6F09126C231A280300C465BD /* FirebaseSwiftUI */,
			);
		};
/* End PBXProject section */

/* Begin PBXResourcesBuildPhase section */
		6F09126B231A280300C465BD /* Resources */ = {
			isa = PBXResourcesBuildPhase;
			buildActionMask = 2147483647;
			files = (
				6F091280231A280500C465BD /* LaunchScreen.storyboard in Resources */,
				6F09127D231A280500C465BD /* Preview Assets.xcassets in Resources */,
				D86B43F22993BE1E00FFA0DC /* GoogleService-Info.plist in Resources */,
				6F09127A231A280500C465BD /* Assets.xcassets in Resources */,
			);
			runOnlyForDeploymentPostprocessing = 0;
		};
/* End PBXResourcesBuildPhase section */

/* Begin PBXSourcesBuildPhase section */
		6F091269231A280300C465BD /* Sources */ = {
			isa = PBXSourcesBuildPhase;
			buildActionMask = 2147483647;
			files = (
				6FDEA1E4231D90CF00EB292A /* WelcomeView.swift in Sources */,
				6F091271231A280300C465BD /* AppDelegate.swift in Sources */,
				6F091273231A280300C465BD /* SceneDelegate.swift in Sources */,
				D8CF373C2997DA9100C648A6 /* CrossClassifyInstance.swift in Sources */,
				6F8EE5C723221F1E006BEF89 /* AppTitleView.swift in Sources */,
				6F8A59D8231DF54E004CED63 /* SignUpView.swift in Sources */,
				6F8A59D6231DA8F1004CED63 /* SignInView.swift in Sources */,
			);
			runOnlyForDeploymentPostprocessing = 0;
		};
/* End PBXSourcesBuildPhase section */

/* Begin PBXVariantGroup section */
		6F09127E231A280500C465BD /* LaunchScreen.storyboard */ = {
			isa = PBXVariantGroup;
			children = (
				6F09127F231A280500C465BD /* Base */,
			);
			name = LaunchScreen.storyboard;
			sourceTree = "<group>";
		};
/* End PBXVariantGroup section */

/* Begin XCBuildConfiguration section */
		6F091298231A280500C465BD /* Debug */ = {
			isa = XCBuildConfiguration;
			buildSettings = {
				ALWAYS_SEARCH_USER_PATHS = NO;
				CLANG_ANALYZER_NONNULL = YES;
				CLANG_ANALYZER_NUMBER_OBJECT_CONVERSION = YES_AGGRESSIVE;
				CLANG_CXX_LANGUAGE_STANDARD = "gnu++14";
				CLANG_CXX_LIBRARY = "libc++";
				CLANG_ENABLE_MODULES = YES;
				CLANG_ENABLE_OBJC_ARC = YES;
				CLANG_ENABLE_OBJC_WEAK = YES;
				CLANG_WARN_BLOCK_CAPTURE_AUTORELEASING = YES;
				CLANG_WARN_BOOL_CONVERSION = YES;
				CLANG_WARN_COMMA = YES;
				CLANG_WARN_CONSTANT_CONVERSION = YES;
				CLANG_WARN_DEPRECATED_OBJC_IMPLEMENTATIONS = YES;
				CLANG_WARN_DIRECT_OBJC_ISA_USAGE = YES_ERROR;
				CLANG_WARN_DOCUMENTATION_COMMENTS = YES;
				CLANG_WARN_EMPTY_BODY = YES;
				CLANG_WARN_ENUM_CONVERSION = YES;
				CLANG_WARN_INFINITE_RECURSION = YES;
				CLANG_WARN_INT_CONVERSION = YES;
				CLANG_WARN_NON_LITERAL_NULL_CONVERSION = YES;
				CLANG_WARN_OBJC_IMPLICIT_RETAIN_SELF = YES;
				CLANG_WARN_OBJC_LITERAL_CONVERSION = YES;
				CLANG_WARN_OBJC_ROOT_CLASS = YES_ERROR;
				CLANG_WARN_QUOTED_INCLUDE_IN_FRAMEWORK_HEADER = YES;
				CLANG_WARN_RANGE_LOOP_ANALYSIS = YES;
				CLANG_WARN_STRICT_PROTOTYPES = YES;
				CLANG_WARN_SUSPICIOUS_MOVE = YES;
				CLANG_WARN_UNGUARDED_AVAILABILITY = YES_AGGRESSIVE;
				CLANG_WARN_UNREACHABLE_CODE = YES;
				CLANG_WARN__DUPLICATE_METHOD_MATCH = YES;
				COPY_PHASE_STRIP = NO;
				DEBUG_INFORMATION_FORMAT = dwarf;
				DRIVERKIT_DEPLOYMENT_TARGET = 22.2;
				ENABLE_STRICT_OBJC_MSGSEND = YES;
				ENABLE_TESTABILITY = YES;
				GCC_C_LANGUAGE_STANDARD = gnu11;
				GCC_DYNAMIC_NO_PIC = NO;
				GCC_NO_COMMON_BLOCKS = YES;
				GCC_OPTIMIZATION_LEVEL = 0;
				GCC_PREPROCESSOR_DEFINITIONS = (
					"DEBUG=1",
					"$(inherited)",
				);
				GCC_WARN_64_TO_32_BIT_CONVERSION = YES;
				GCC_WARN_ABOUT_RETURN_TYPE = YES_ERROR;
				GCC_WARN_UNDECLARED_SELECTOR = YES;
				GCC_WARN_UNINITIALIZED_AUTOS = YES_AGGRESSIVE;
				GCC_WARN_UNUSED_FUNCTION = YES;
				GCC_WARN_UNUSED_VARIABLE = YES;
				IPHONEOS_DEPLOYMENT_TARGET = 15.0;
				MTL_ENABLE_DEBUG_INFO = INCLUDE_SOURCE;
				MTL_FAST_MATH = YES;
				ONLY_ACTIVE_ARCH = YES;
				SDKROOT = iphoneos;
				SWIFT_ACTIVE_COMPILATION_CONDITIONS = DEBUG;
				SWIFT_OPTIMIZATION_LEVEL = "-Onone";
			};
			name = Debug;
		};
		6F091299231A280500C465BD /* Release */ = {
			isa = XCBuildConfiguration;
			buildSettings = {
				ALWAYS_SEARCH_USER_PATHS = NO;
				CLANG_ANALYZER_NONNULL = YES;
				CLANG_ANALYZER_NUMBER_OBJECT_CONVERSION = YES_AGGRESSIVE;
				CLANG_CXX_LANGUAGE_STANDARD = "gnu++14";
				CLANG_CXX_LIBRARY = "libc++";
				CLANG_ENABLE_MODULES = YES;
				CLANG_ENABLE_OBJC_ARC = YES;
				CLANG_ENABLE_OBJC_WEAK = YES;
				CLANG_WARN_BLOCK_CAPTURE_AUTORELEASING = YES;
				CLANG_WARN_BOOL_CONVERSION = YES;
				CLANG_WARN_COMMA = YES;
				CLANG_WARN_CONSTANT_CONVERSION = YES;
				CLANG_WARN_DEPRECATED_OBJC_IMPLEMENTATIONS = YES;
				CLANG_WARN_DIRECT_OBJC_ISA_USAGE = YES_ERROR;
				CLANG_WARN_DOCUMENTATION_COMMENTS = YES;
				CLANG_WARN_EMPTY_BODY = YES;
				CLANG_WARN_ENUM_CONVERSION = YES;
				CLANG_WARN_INFINITE_RECURSION = YES;
				CLANG_WARN_INT_CONVERSION = YES;
				CLANG_WARN_NON_LITERAL_NULL_CONVERSION = YES;
				CLANG_WARN_OBJC_IMPLICIT_RETAIN_SELF = YES;
				CLANG_WARN_OBJC_LITERAL_CONVERSION = YES;
				CLANG_WARN_OBJC_ROOT_CLASS = YES_ERROR;
				CLANG_WARN_QUOTED_INCLUDE_IN_FRAMEWORK_HEADER = YES;
				CLANG_WARN_RANGE_LOOP_ANALYSIS = YES;
				CLANG_WARN_STRICT_PROTOTYPES = YES;
				CLANG_WARN_SUSPICIOUS_MOVE = YES;
				CLANG_WARN_UNGUARDED_AVAILABILITY = YES_AGGRESSIVE;
				CLANG_WARN_UNREACHABLE_CODE = YES;
				CLANG_WARN__DUPLICATE_METHOD_MATCH = YES;
				COPY_PHASE_STRIP = NO;
				DEBUG_INFORMATION_FORMAT = "dwarf-with-dsym";
				DRIVERKIT_DEPLOYMENT_TARGET = 22.2;
				ENABLE_NS_ASSERTIONS = NO;
				ENABLE_STRICT_OBJC_MSGSEND = YES;
				GCC_C_LANGUAGE_STANDARD = gnu11;
				GCC_NO_COMMON_BLOCKS = YES;
				GCC_WARN_64_TO_32_BIT_CONVERSION = YES;
				GCC_WARN_ABOUT_RETURN_TYPE = YES_ERROR;
				GCC_WARN_UNDECLARED_SELECTOR = YES;
				GCC_WARN_UNINITIALIZED_AUTOS = YES_AGGRESSIVE;
				GCC_WARN_UNUSED_FUNCTION = YES;
				GCC_WARN_UNUSED_VARIABLE = YES;
				IPHONEOS_DEPLOYMENT_TARGET = 15.0;
				MTL_ENABLE_DEBUG_INFO = NO;
				MTL_FAST_MATH = YES;
				SDKROOT = iphoneos;
				SWIFT_COMPILATION_MODE = wholemodule;
				SWIFT_OPTIMIZATION_LEVEL = "-O";
				VALIDATE_PRODUCT = YES;
			};
			name = Release;
		};
		6F09129B231A280500C465BD /* Debug */ = {
			isa = XCBuildConfiguration;
			buildSettings = {
				ASSETCATALOG_COMPILER_APPICON_NAME = AppIcon;
				CODE_SIGN_IDENTITY = "iPhone Distribution";
				CODE_SIGN_STYLE = Manual;
				CURRENT_PROJECT_VERSION = 2;
				DEVELOPMENT_ASSET_PATHS = "\"FirebaseSwiftUI/Preview Content\"";
				DEVELOPMENT_TEAM = R47F487LDS;
				ENABLE_PREVIEWS = YES;
				INFOPLIST_FILE = FirebaseSwiftUI/Info.plist;
				LD_RUNPATH_SEARCH_PATHS = (
					"$(inherited)",
					"@executable_path/Frameworks",
				);
				MARKETING_VERSION = 1.2;
				PRODUCT_BUNDLE_IDENTIFIER = com.crossclassify.firebaseswiftui;
				PRODUCT_NAME = "$(TARGET_NAME)";
				PROVISIONING_PROFILE_SPECIFIER = "XC Gate (SwiftUI) Provision";
				SWIFT_VERSION = 5.0;
				TARGETED_DEVICE_FAMILY = "1,2";
			};
			name = Debug;
		};
		6F09129C231A280500C465BD /* Release */ = {
			isa = XCBuildConfiguration;
			buildSettings = {
				ASSETCATALOG_COMPILER_APPICON_NAME = AppIcon;
				CODE_SIGN_IDENTITY = "iPhone Distribution";
				CODE_SIGN_STYLE = Manual;
				CURRENT_PROJECT_VERSION = 2;
				DEVELOPMENT_ASSET_PATHS = "\"FirebaseSwiftUI/Preview Content\"";
				DEVELOPMENT_TEAM = R47F487LDS;
				ENABLE_PREVIEWS = YES;
				INFOPLIST_FILE = FirebaseSwiftUI/Info.plist;
				LD_RUNPATH_SEARCH_PATHS = (
					"$(inherited)",
					"@executable_path/Frameworks",
				);
				MARKETING_VERSION = 1.2;
				ONLY_ACTIVE_ARCH = YES;
				PRODUCT_BUNDLE_IDENTIFIER = com.crossclassify.firebaseswiftui;
				PRODUCT_NAME = "$(TARGET_NAME)";
				PROVISIONING_PROFILE_SPECIFIER = "XC Gate (SwiftUI) Provision";
				SWIFT_VERSION = 5.0;
				TARGETED_DEVICE_FAMILY = "1,2";
			};
			name = Release;
		};
/* End XCBuildConfiguration section */

/* Begin XCConfigurationList section */
		6F091268231A280300C465BD /* Build configuration list for PBXProject "FirebaseSwiftUI" */ = {
			isa = XCConfigurationList;
			buildConfigurations = (
				6F091298231A280500C465BD /* Debug */,
				6F091299231A280500C465BD /* Release */,
			);
			defaultConfigurationIsVisible = 0;
			defaultConfigurationName = Release;
		};
		6F09129A231A280500C465BD /* Build configuration list for PBXNativeTarget "FirebaseSwiftUI" */ = {
			isa = XCConfigurationList;
			buildConfigurations = (
				6F09129B231A280500C465BD /* Debug */,
				6F09129C231A280500C465BD /* Release */,
			);
			defaultConfigurationIsVisible = 0;
			defaultConfigurationName = Release;
		};
/* End XCConfigurationList section */

/* Begin XCRemoteSwiftPackageReference section */
		D8885A6B2A064EA200E4F863 /* XCRemoteSwiftPackageReference "xc-sdk-ios" */ = {
			isa = XCRemoteSwiftPackageReference;
			repositoryURL = "http://github.com/crossclassify/xc-sdk-ios";
			requirement = {
				branch = main;
				kind = branch;
			};
		};
		D8885A6F2A0699D100E4F863 /* XCRemoteSwiftPackageReference "firebase-ios-sdk" */ = {
			isa = XCRemoteSwiftPackageReference;
			repositoryURL = "https://github.com/firebase/firebase-ios-sdk.git";
			requirement = {
				kind = upToNextMajorVersion;
				minimumVersion = 10.0.0;
			};
		};
/* End XCRemoteSwiftPackageReference section */

/* Begin XCSwiftPackageProductDependency section */
		D8885A6C2A064EA200E4F863 /* CrossClassify */ = {
			isa = XCSwiftPackageProductDependency;
			package = D8885A6B2A064EA200E4F863 /* XCRemoteSwiftPackageReference "xc-sdk-ios" */;
			productName = CrossClassify;
		};
		D8885A702A0699D100E4F863 /* FirebaseAuth */ = {
			isa = XCSwiftPackageProductDependency;
			package = D8885A6F2A0699D100E4F863 /* XCRemoteSwiftPackageReference "firebase-ios-sdk" */;
			productName = FirebaseAuth;
		};
		D8885A722A0699D100E4F863 /* FirebaseDatabase */ = {
			isa = XCSwiftPackageProductDependency;
			package = D8885A6F2A0699D100E4F863 /* XCRemoteSwiftPackageReference "firebase-ios-sdk" */;
			productName = FirebaseDatabase;
		};
/* End XCSwiftPackageProductDependency section */
	};
	rootObject = 6F091265231A280300C465BD /* Project object */;
}
